github.com/Quiroptero/hugo-shortcodes v0.0.0-20220717195502-26ab46abfc82 h1:rQSzhzkQbNNewynKilXKLY/LalpQP22awTZa2Em4DgQ=
github.com/Quiroptero/hugo-shortcodes v0.0.0-20220717195502-26ab46abfc82/go.mod h1:dcP+R7thsF5dOKH5dgNbw0oD13nylncYkJlmD0btUfQ=
github.com/Quiroptero/hugo-shortcodes v0.0.0-20220717203157-173f63c5719d h1:Hyr3ioXrrENEtFGztDcpobJ2E4HecEJxbH1J83gMH+g=
github.com/Quiroptero/hugo-shortcodes v0.0.0-20220717203157-173f63c5719d/go.mod h1:dcP+R7thsF5dOKH5dgNbw0oD13nylncYkJlmD0btUfQ=
github.com/Quiroptero/hugo-shortcodes v0.0.0-20221016221428-34130b351a29 h1:CqUkpoYEaUux+OJoo3gAlc2iZ7EUU83WqjJKBqkJLnY=
github.com/Quiroptero/hugo-shortcodes v0.0.0-20221016221428-34130b351a29/go.mod h1:dcP+R7thsF5dOKH5dgNbw0oD13nylncYkJlmD0btUfQ=
github.com/Quiroptero/hugo-shortcodes v0.0.0-20230322054724-1b9b6618a809 h1:00r0l5z7FdnMVM4P6upEczxmL3QKyenrSQB6hfDD0us=
github.com/Quiroptero/hugo-shortcodes v0.0.0-20230322054724-1b9b6618a809/go.mod h1:dcP+R7thsF5dOKH5dgNbw0oD13nylncYkJlmD0btUfQ=
github.com/Quiroptero/hugo-theme-loveit-custom v0.0.0-20220717200634-2ef8ca425e56 h1:Yvxe1piqMvwcjdL9cWtH58Vkx0o/QiEkVfAgNk7nNvA=
github.com/Quiroptero/hugo-theme-loveit-custom v0.0.0-20220717200634-2ef8ca425e56/go.mod h1:5BjUTPt5/T9bhBmxQwzV2ASQAGUTwFggSFag1tkwxRg=
github.com/Quiroptero/hugo-theme-loveit-custom v0.0.0-20220717202909-cacc1e7f13ed h1:yo6ay301ragdLq278NWFUzrQQO8Nva68/zgooe/twDw=
github.com/Quiroptero/hugo-theme-loveit-custom v0.0.0-20220717202909-cacc1e7f13ed/go.mod h1:5BjUTPt5/T9bhBmxQwzV2ASQAGUTwFggSFag1tkwxRg=
github.com/Quiroptero/hugo-theme-loveit-custom v0.0.0-20220722030835-a50baa10eaa3 h1:gmZRYGf/eJodpZx7I8I7FB9uMQB5bxaTic59TYHrVwo=
github.com/Quiroptero/hugo-theme-loveit-custom v0.0.0-20220722030835-a50baa10eaa3/go.mod h1:5BjUTPt5/T9bhBmxQwzV2ASQAGUTwFggSFag1tkwxRg=
github.com/Quiroptero/hugo-theme-loveit-custom v0.0.0-20220722040334-095226ac8769 h1:DAw2+LFIQgk5yc1THyoYZc8hNfuAeWt6aLcSI0aJLuM=
github.com/Quiroptero/hugo-theme-loveit-custom v0.0.0-20220722040334-095226ac8769/go.mod h1:5BjUTPt5/T9bhBmxQwzV2ASQAGUTwFggSFag1tkwxRg=
github.com/Quiroptero/hugo-theme-loveit-custom v0.0.0-20220722042130-90ab6a91b581 h1:Rh1w+VgQnP4vKPpPHC4+SR8MbYb/I/OXJKiq6OLXulA=
github.com/Quiroptero/hugo-theme-loveit-custom v0.0.0-20220722042130-90ab6a91b581/go.mod h1:5BjUTPt5/T9bhBmxQwzV2ASQAGUTwFggSFag1tkwxRg=
github.com/Quiroptero/hugo-theme-loveit-custom v0.0.0-20220722043135-8314f37c7974 h1:EyX0UIz0MnS0iNHAbhWOcoopYEgurYYQ0X+XnEEwvME=
github.com/Quiroptero/hugo-theme-loveit-custom v0.0.0-20220722043135-8314f37c7974/go.mod h1:5BjUTPt5/T9bhBmxQwzV2ASQAGUTwFggSFag1tkwxRg=
github.com/Quiroptero/hugo-theme-loveit-custom v0.0.0-20221018012736-e0089ab4fb2c h1:dGQ9huQK4fiHQg0xcZVWruqc8mCJGoPcasIoO8GjrKo=
github.com/Quiroptero/hugo-theme-loveit-custom v0.0.0-20221018012736-e0089ab4fb2c/go.mod h1:5BjUTPt5/T9bhBmxQwzV2ASQAGUTwFggSFag1tkwxRg=
github.com/Quiroptero/hugo-theme-loveit-custom v0.0.0-20230730001132-f873920f3f22 h1:RsSyzd16A4rzWxEndbt3Ed0MWoJudSrCpk2qpUIezP4=
github.com/Quiroptero/hugo-theme-loveit-custom v0.0.0-20230730001132-f873920f3f22/go.mod h1:5BjUTPt5/T9bhBmxQwzV2ASQAGUTwFggSFag1tkwxRg=
github.com/Quiroptero/hugo-theme-loveit-custom v0.0.0-20230730084327-0917f82dcbc4 h1:A9Wv2tU4mlpiBoJn84xpI5hMdcdK0zzyZ7UI6hAMQSE=
github.com/Quiroptero/hugo-theme-loveit-custom v0.0.0-20230730084327-0917f82dcbc4/go.mod h1:5BjUTPt5/T9bhBmxQwzV2ASQAGUTwFggSFag1tkwxRg=
github.com/dillonzq/LoveIt v0.2.11 h1:rIj8YX5oJHHyKazLLWBwvURCoVizsNBQJc6vVKX6AG8=
github.com/dillonzq/LoveIt v0.2.11/go.mod h1:6IBQv4PKou3cERt0xcxud81O793taOmJqYKXn1eNPB4=
github.com/dillonzq/LoveIt v0.2.12-0.20220716124141-e9e89a4613ba h1:0LzxERdQsGL8Bxv+EPzaQxWg2z1WCW3jS6JMpij22bY=
github.com/dillonzq/LoveIt v0.2.12-0.20220716124141-e9e89a4613ba/go.mod h1:6IBQv4PKou3cERt0xcxud81O793taOmJqYKXn1eNPB4=
