github.com/Quiroptero/hugo-shortcodes v0.0.0-20220717195502-26ab46abfc82 h1:rQSzhzkQbNNewynKilXKLY/LalpQP22awTZa2Em4DgQ=
github.com/Quiroptero/hugo-shortcodes v0.0.0-20220717195502-26ab46abfc82/go.mod h1:dcP+R7thsF5dOKH5dgNbw0oD13nylncYkJlmD0btUfQ=
github.com/Quiroptero/hugo-shortcodes v0.0.0-20220717203157-173f63c5719d h1:Hyr3ioXrrENEtFGztDcpobJ2E4HecEJxbH1J83gMH+g=
github.com/Quiroptero/hugo-shortcodes v0.0.0-20220717203157-173f63c5719d/go.mod h1:dcP+R7thsF5dOKH5dgNbw0oD13nylncYkJlmD0btUfQ=
github.com/Quiroptero/hugo-theme-loveit-custom v0.0.0-20220717200634-2ef8ca425e56 h1:Yvxe1piqMvwcjdL9cWtH58Vkx0o/QiEkVfAgNk7nNvA=
github.com/Quiroptero/hugo-theme-loveit-custom v0.0.0-20220717200634-2ef8ca425e56/go.mod h1:5BjUTPt5/T9bhBmxQwzV2ASQAGUTwFggSFag1tkwxRg=
github.com/Quiroptero/hugo-theme-loveit-custom v0.0.0-20220717202909-cacc1e7f13ed h1:yo6ay301ragdLq278NWFUzrQQO8Nva68/zgooe/twDw=
github.com/Quiroptero/hugo-theme-loveit-custom v0.0.0-20220717202909-cacc1e7f13ed/go.mod h1:5BjUTPt5/T9bhBmxQwzV2ASQAGUTwFggSFag1tkwxRg=
github.com/dillonzq/LoveIt v0.2.11 h1:rIj8YX5oJHHyKazLLWBwvURCoVizsNBQJc6vVKX6AG8=
github.com/dillonzq/LoveIt v0.2.11/go.mod h1:6IBQv4PKou3cERt0xcxud81O793taOmJqYKXn1eNPB4=
